
Microsoft Visual Studio Solution File, Format Version 12.00
# Visual Studio 15
VisualStudioVersion = 15.0.26124.0
MinimumVisualStudioVersion = 15.0.26124.0
Project("{2150E333-8FDC-42A3-9474-1A3956D46DE8}") = "src", "src", "{D476E997-A26D-4E9E-B0E0-667FDEC5BC1B}"
EndProject
Project("{FAE04EC0-301F-11D3-BF4B-00C04F79EFBC}") = "Notifications.PoC", "src\Notifications.PoC\Notifications.PoC.csproj", "{E7FBB942-A587-4BB0-AABD-8AD6D419FB26}"
EndProject
Project("{2150E333-8FDC-42A3-9474-1A3956D46DE8}") = "test", "test", "{B8FB8137-CABD-435F-905E-D1FE2DBF1A0A}"
EndProject
Project("{FAE04EC0-301F-11D3-BF4B-00C04F79EFBC}") = "Notifications.PoC.Test", "test\Notifications.PoC.Test\Notifications.PoC.Test.csproj", "{AF7463B2-20D3-46A0-99CC-AFC70CDA7A17}"
EndProject
Global
	GlobalSection(SolutionConfigurationPlatforms) = preSolution
		Debug|Any CPU = Debug|Any CPU
		Debug|x64 = Debug|x64
		Debug|x86 = Debug|x86
		Release|Any CPU = Release|Any CPU
		Release|x64 = Release|x64
		Release|x86 = Release|x86
	EndGlobalSection
	GlobalSection(SolutionProperties) = preSolution
		HideSolutionNode = FALSE
	EndGlobalSection
	GlobalSection(ProjectConfigurationPlatforms) = postSolution
		{E7FBB942-A587-4BB0-AABD-8AD6D419FB26}.Debug|Any CPU.ActiveCfg = Debug|Any CPU
		{E7FBB942-A587-4BB0-AABD-8AD6D419FB26}.Debug|Any CPU.Build.0 = Debug|Any CPU
		{E7FBB942-A587-4BB0-AABD-8AD6D419FB26}.Debug|x64.ActiveCfg = Debug|Any CPU
		{E7FBB942-A587-4BB0-AABD-8AD6D419FB26}.Debug|x64.Build.0 = Debug|Any CPU
		{E7FBB942-A587-4BB0-AABD-8AD6D419FB26}.Debug|x86.ActiveCfg = Debug|Any CPU
		{E7FBB942-A587-4BB0-AABD-8AD6D419FB26}.Debug|x86.Build.0 = Debug|Any CPU
		{E7FBB942-A587-4BB0-AABD-8AD6D419FB26}.Release|Any CPU.ActiveCfg = Release|Any CPU
		{E7FBB942-A587-4BB0-AABD-8AD6D419FB26}.Release|Any CPU.Build.0 = Release|Any CPU
		{E7FBB942-A587-4BB0-AABD-8AD6D419FB26}.Release|x64.ActiveCfg = Release|Any CPU
		{E7FBB942-A587-4BB0-AABD-8AD6D419FB26}.Release|x64.Build.0 = Release|Any CPU
		{E7FBB942-A587-4BB0-AABD-8AD6D419FB26}.Release|x86.ActiveCfg = Release|Any CPU
		{E7FBB942-A587-4BB0-AABD-8AD6D419FB26}.Release|x86.Build.0 = Release|Any CPU
		{2668D5D4-D428-486D-AF58-66E825B58AE5}.Debug|Any CPU.ActiveCfg = Debug|Any CPU
		{2668D5D4-D428-486D-AF58-66E825B58AE5}.Debug|Any CPU.Build.0 = Debug|Any CPU
		{2668D5D4-D428-486D-AF58-66E825B58AE5}.Debug|x64.ActiveCfg = Debug|Any CPU
		{2668D5D4-D428-486D-AF58-66E825B58AE5}.Debug|x64.Build.0 = Debug|Any CPU
		{2668D5D4-D428-486D-AF58-66E825B58AE5}.Debug|x86.ActiveCfg = Debug|Any CPU
		{2668D5D4-D428-486D-AF58-66E825B58AE5}.Debug|x86.Build.0 = Debug|Any CPU
		{2668D5D4-D428-486D-AF58-66E825B58AE5}.Release|Any CPU.ActiveCfg = Release|Any CPU
		{2668D5D4-D428-486D-AF58-66E825B58AE5}.Release|Any CPU.Build.0 = Release|Any CPU
		{2668D5D4-D428-486D-AF58-66E825B58AE5}.Release|x64.ActiveCfg = Release|Any CPU
		{2668D5D4-D428-486D-AF58-66E825B58AE5}.Release|x64.Build.0 = Release|Any CPU
		{2668D5D4-D428-486D-AF58-66E825B58AE5}.Release|x86.ActiveCfg = Release|Any CPU
		{2668D5D4-D428-486D-AF58-66E825B58AE5}.Release|x86.Build.0 = Release|Any CPU
		{AF7463B2-20D3-46A0-99CC-AFC70CDA7A17}.Debug|Any CPU.ActiveCfg = Debug|Any CPU
		{AF7463B2-20D3-46A0-99CC-AFC70CDA7A17}.Debug|Any CPU.Build.0 = Debug|Any CPU
		{AF7463B2-20D3-46A0-99CC-AFC70CDA7A17}.Debug|x64.ActiveCfg = Debug|Any CPU
		{AF7463B2-20D3-46A0-99CC-AFC70CDA7A17}.Debug|x64.Build.0 = Debug|Any CPU
		{AF7463B2-20D3-46A0-99CC-AFC70CDA7A17}.Debug|x86.ActiveCfg = Debug|Any CPU
		{AF7463B2-20D3-46A0-99CC-AFC70CDA7A17}.Debug|x86.Build.0 = Debug|Any CPU
		{AF7463B2-20D3-46A0-99CC-AFC70CDA7A17}.Release|Any CPU.ActiveCfg = Release|Any CPU
		{AF7463B2-20D3-46A0-99CC-AFC70CDA7A17}.Release|Any CPU.Build.0 = Release|Any CPU
		{AF7463B2-20D3-46A0-99CC-AFC70CDA7A17}.Release|x64.ActiveCfg = Release|Any CPU
		{AF7463B2-20D3-46A0-99CC-AFC70CDA7A17}.Release|x64.Build.0 = Release|Any CPU
		{AF7463B2-20D3-46A0-99CC-AFC70CDA7A17}.Release|x86.ActiveCfg = Release|Any CPU
		{AF7463B2-20D3-46A0-99CC-AFC70CDA7A17}.Release|x86.Build.0 = Release|Any CPU
	EndGlobalSection
	GlobalSection(NestedProjects) = preSolution
		{E7FBB942-A587-4BB0-AABD-8AD6D419FB26} = {D476E997-A26D-4E9E-B0E0-667FDEC5BC1B}
		{AF7463B2-20D3-46A0-99CC-AFC70CDA7A17} = {B8FB8137-CABD-435F-905E-D1FE2DBF1A0A}
	EndGlobalSection
EndGlobal
